
Microsoft Visual Studio Solution File, Format Version 12.00
# Visual Studio Version 16
VisualStudioVersion = 16.0.30907.101
MinimumVisualStudioVersion = 10.0.40219.1
Project("{FAE04EC0-301F-11D3-BF4B-00C04F79EFBC}") = "BulkyBook", "BulkyBook\BulkyBook.csproj", "{E014B9A0-B9A3-4AD9-8B94-C0D376AD2090}"
EndProject
Global
	GlobalSection(SolutionConfigurationPlatforms) = preSolution
		Debug|Any CPU = Debug|Any CPU
		Release|Any CPU = Release|Any CPU
	EndGlobalSection
	GlobalSection(ProjectConfigurationPlatforms) = postSolution
		{E014B9A0-B9A3-4AD9-8B94-C0D376AD2090}.Debug|Any CPU.ActiveCfg = Debug|Any CPU
		{E014B9A0-B9A3-4AD9-8B94-C0D376AD2090}.Debug|Any CPU.Build.0 = Debug|Any CPU
		{E014B9A0-B9A3-4AD9-8B94-C0D376AD2090}.Release|Any CPU.ActiveCfg = Release|Any CPU
		{E014B9A0-B9A3-4AD9-8B94-C0D376AD2090}.Release|Any CPU.Build.0 = Release|Any CPU
	EndGlobalSection
	GlobalSection(SolutionProperties) = preSolution
		HideSolutionNode = FALSE
	EndGlobalSection
	GlobalSection(ExtensibilityGlobals) = postSolution
		SolutionGuid = {36337127-5847-44B2-8AED-79C8C0A0345A}
	EndGlobalSection
EndGlobal
